
Microsoft Visual Studio Solution File, Format Version 12.00
# Visual Studio Version 16
VisualStudioVersion = 16.0.30320.27
MinimumVisualStudioVersion = 10.0.40219.1
Project("{8BC9CEB8-8B4A-11D0-8D11-00A0C91BC942}") = "Algorithms", "Algorithms\Algorithms.vcxproj", "{C84348F0-AC2D-458E-BA5F-DA0F5C4ACD2A}"
EndProject
Global
	GlobalSection(SolutionConfigurationPlatforms) = preSolution
		Debug|x64 = Debug|x64
		Debug|x86 = Debug|x86
		Release|x64 = Release|x64
		Release|x86 = Release|x86
	EndGlobalSection
	GlobalSection(ProjectConfigurationPlatforms) = postSolution
		{C84348F0-AC2D-458E-BA5F-DA0F5C4ACD2A}.Debug|x64.ActiveCfg = Debug|x64
		{C84348F0-AC2D-458E-BA5F-DA0F5C4ACD2A}.Debug|x64.Build.0 = Debug|x64
		{C84348F0-AC2D-458E-BA5F-DA0F5C4ACD2A}.Debug|x86.ActiveCfg = Debug|Win32
		{C84348F0-AC2D-458E-BA5F-DA0F5C4ACD2A}.Debug|x86.Build.0 = Debug|Win32
		{C84348F0-AC2D-458E-BA5F-DA0F5C4ACD2A}.Release|x64.ActiveCfg = Release|x64
		{C84348F0-AC2D-458E-BA5F-DA0F5C4ACD2A}.Release|x64.Build.0 = Release|x64
		{C84348F0-AC2D-458E-BA5F-DA0F5C4ACD2A}.Release|x86.ActiveCfg = Release|Win32
		{C84348F0-AC2D-458E-BA5F-DA0F5C4ACD2A}.Release|x86.Build.0 = Release|Win32
	EndGlobalSection
	GlobalSection(SolutionProperties) = preSolution
		HideSolutionNode = FALSE
	EndGlobalSection
	GlobalSection(ExtensibilityGlobals) = postSolution
		SolutionGuid = {4A6A6E82-12F7-4EBA-9A9C-8223F8EA44E0}
	EndGlobalSection
EndGlobal
